Microsoft Visual Studio Solution File, Format Version 12.00
# Visual Studio Version 17
VisualStudioVersion = 17.5.2.0
MinimumVisualStudioVersion = 10.0.40219.1
Project("{FAE04EC0-301F-11D3-BF4B-00C04F79EFBC}") = "TeamUpdates", "TeamUpdates.csproj", "{727983C3-D525-BA6B-FD27-3FD19087372B}"
EndProject
Global
	GlobalSection(SolutionConfigurationPlatforms) = preSolution
		Debug|Any CPU = Debug|Any CPU
		Release|Any CPU = Release|Any CPU
	EndGlobalSection
	GlobalSection(ProjectConfigurationPlatforms) = postSolution
		{727983C3-D525-BA6B-FD27-3FD19087372B}.Debug|Any CPU.ActiveCfg = Debug|Any CPU
		{727983C3-D525-BA6B-FD27-3FD19087372B}.Debug|Any CPU.Build.0 = Debug|Any CPU
		{727983C3-D525-BA6B-FD27-3FD19087372B}.Release|Any CPU.ActiveCfg = Release|Any CPU
		{727983C3-D525-BA6B-FD27-3FD19087372B}.Release|Any CPU.Build.0 = Release|Any CPU
	EndGlobalSection
	GlobalSection(SolutionProperties) = preSolution
		HideSolutionNode = FALSE
	EndGlobalSection
	GlobalSection(ExtensibilityGlobals) = postSolution
		SolutionGuid = {8D393E16-B151-4FD7-B87F-9CE00728F126}
	EndGlobalSection
EndGlobal
